PODS:
  - ChartIQ (1.0.1)

DEPENDENCIES:
  - ChartIQ (from `https://github.com/ChartIQ/Charting-Library---iOS-SDK.git`, tag `1.0.1`)

EXTERNAL SOURCES:
  ChartIQ:
    :git: https://github.com/ChartIQ/Charting-Library---iOS-SDK.git
    :tag: 1.0.1

CHECKOUT OPTIONS:
  ChartIQ:
    :git: https://github.com/ChartIQ/Charting-Library---iOS-SDK.git
    :tag: 1.0.1

SPEC CHECKSUMS:
  ChartIQ: ddb3b3cc8942b310cefea9eaeeb2b046ce24a9d4

PODFILE CHECKSUM: 91f22bf42151d25253b27046a040f8ed142da158

COCOAPODS: 1.2.0
